
Microsoft Visual Studio Solution File, Format Version 12.00
# Visual Studio Version 17
VisualStudioVersion = 17.2.32526.322
MinimumVisualStudioVersion = 10.0.40219.1
Project("{9A19103F-16F7-4668-BE54-9A1E7A4F7556}") = "Infra", "Infra\Infra.csproj", "{2BB8F1C3-951A-4A24-A19B-F1A274430133}"
EndProject
Project("{FAE04EC0-301F-11D3-BF4B-00C04F79EFBC}") = "Domain", "Domain\Domain.csproj", "{52F3B3C8-EC8C-4BC4-B3DF-4A7DF87F1FDE}"
EndProject
Global
	GlobalSection(SolutionConfigurationPlatforms) = preSolution
		Debug|Any CPU = Debug|Any CPU
		Release|Any CPU = Release|Any CPU
	EndGlobalSection
	GlobalSection(ProjectConfigurationPlatforms) = postSolution
		{2BB8F1C3-951A-4A24-A19B-F1A274430133}.Debug|Any CPU.ActiveCfg = Debug|Any CPU
		{2BB8F1C3-951A-4A24-A19B-F1A274430133}.Debug|Any CPU.Build.0 = Debug|Any CPU
		{2BB8F1C3-951A-4A24-A19B-F1A274430133}.Release|Any CPU.ActiveCfg = Release|Any CPU
		{2BB8F1C3-951A-4A24-A19B-F1A274430133}.Release|Any CPU.Build.0 = Release|Any CPU
		{52F3B3C8-EC8C-4BC4-B3DF-4A7DF87F1FDE}.Debug|Any CPU.ActiveCfg = Debug|Any CPU
		{52F3B3C8-EC8C-4BC4-B3DF-4A7DF87F1FDE}.Debug|Any CPU.Build.0 = Debug|Any CPU
		{52F3B3C8-EC8C-4BC4-B3DF-4A7DF87F1FDE}.Release|Any CPU.ActiveCfg = Release|Any CPU
		{52F3B3C8-EC8C-4BC4-B3DF-4A7DF87F1FDE}.Release|Any CPU.Build.0 = Release|Any CPU
	EndGlobalSection
	GlobalSection(SolutionProperties) = preSolution
		HideSolutionNode = FALSE
	EndGlobalSection
	GlobalSection(ExtensibilityGlobals) = postSolution
		SolutionGuid = {8C5ECD2C-40E5-4C70-BF4A-5E31F4737260}
	EndGlobalSection
EndGlobal
